{
    "_meta": {
        "hash": {
            "sha256": "b62c6c79ec86476663bc900d1795e6d2a85bb682a57c786f54b034c4a460ff1b"
        },
        "pipfile-spec": 6,
        "requires": {},
        "sources": [
            {
                "name": "grafana_api",
                "url": "https://pypi.python.org/simple",
                "verify_ssl": true
            }
        ]
    },
    "default": {
        "certifi": {
            "hashes": [
                "sha256:47f9c83ef4c0c621eaef743f133f09fa8a74a9b75f037e8624f83bd1b6626cb7",
                "sha256:993f830721089fef441cdfeb4b2c8c9df86f0c63239f06bd025a76a7daddb033"
            ],
            "version": "==2018.11.29"
        },
        "chardet": {
            "hashes": [
                "sha256:84ab92ed1c4d4f16916e05906b6b75a6c0fb5db821cc65e70cbd64a3e2a5eaae",
                "sha256:fc323ffcaeaed0e0a02bf4d117757b98aed530d9ed4531e3e15460124c106691"
            ],
            "version": "==3.0.4"
        },
        "idna": {
            "hashes": [
                "sha256:c357b3f628cf53ae2c4c05627ecc484553142ca23264e593d327bcde5e9c3407",
                "sha256:ea8b7f6188e6fa117537c3df7da9fc686d485087abf6ac197f9c46432f7e4a3c"
            ],
            "version": "==2.8"
        },
        "pyyaml": {
            "hashes": [
                "sha256:b21fadf0e343c3738cc956be9d24ee7a83d3260ff1a6805f860b4f5d4645b7b9"
            ],
            "index": "grafana_api",
            "version": "==5.1b1"
        },
        "requests": {
            "hashes": [
                "sha256:502a824f31acdacb3a35b6690b5fbf0bc41d63a24a45c4004352b0242707598e",
                "sha256:7bf2a778576d825600030a110f3c0e3e8edc51dfaafe1c146e39a2027784957b"
            ],
            "index": "grafana_api",
            "version": "==2.21.0"
        },
        "urllib3": {
            "hashes": [
                "sha256:61bf29cada3fc2fbefad4fdf059ea4bd1b4a86d2b6d15e1c7c0b582b9752fe39",
                "sha256:de9529817c93f27c8ccbfead6985011db27bd0ddfcdb2d86f3f663385c6a9c22"
            ],
            "version": "==1.24.1"
        }
    },
    "develop": {
        "certifi": {
            "hashes": [
                "sha256:47f9c83ef4c0c621eaef743f133f09fa8a74a9b75f037e8624f83bd1b6626cb7",
                "sha256:993f830721089fef441cdfeb4b2c8c9df86f0c63239f06bd025a76a7daddb033"
            ],
            "version": "==2018.11.29"
        },
        "chardet": {
            "hashes": [
                "sha256:84ab92ed1c4d4f16916e05906b6b75a6c0fb5db821cc65e70cbd64a3e2a5eaae",
                "sha256:fc323ffcaeaed0e0a02bf4d117757b98aed530d9ed4531e3e15460124c106691"
            ],
            "version": "==3.0.4"
        },
        "coverage": {
            "hashes": [
                "sha256:00d464797a236f654337181af72b4baea3d35d056ca480e45e9163bb5df496b8",
                "sha256:0a90afa6f5ea08889da9066dca3ce2ef85d47587e3f66ca06a4fa8d3a0053acc",
                "sha256:50727512afe77e044c7d7f2fd4cd0fe62b06527f965b335a810d956748e0514d",
                "sha256:6c2fd127cd4e2decb0ab41fe3ac2948b87ad2ea0470e24b4be5f7e7fdfef8df3",
                "sha256:6ed521ed3800d8f8911642b9b3c3891780a929db5e572c88c4713c1032530f82",
                "sha256:76a73a48a308fb87a4417d630b0345d36166f489ef17ea5aa8e4596fb50a2296",
                "sha256:85b1275b6d7a61ccc8024a4e9a4c9e896394776edce1a5d075ec116f91925462",
                "sha256:8e60e720cad3ee6b0a32f475ae4040552c5623870a9ca0d3d4263faa89a8d96b",
                "sha256:93c50475f189cd226e9688b9897a0cd3c4c5d9c90b1733fa8f6445cfc0182c51",
                "sha256:94c1e66610807a7917d967ed6415b9d5fde7487ab2a07bb5e054567865ef6ef0",
                "sha256:964f86394cb4d0fd2bb40ffcddca321acf4323b48d1aa5a93db8b743c8a00f79",
                "sha256:99043494b28d6460035dd9410269cdb437ee460edc7f96f07ab45c57ba95e651",
                "sha256:af2f59ce312523c384a7826821cae0b95f320fee1751387abba4f00eed737166",
                "sha256:beb96d32ce8cfa47ec6433d95a33e4afaa97c19ac1b4a47ea40a424fedfee7c2",
                "sha256:c00bac0f6b35b82ace069a6a0d88e8fd4cd18d964fc5e47329cd02b212397fbe",
                "sha256:d079e36baceea9707fd50b268305654151011274494a33c608c075808920eda8",
                "sha256:e813cba9ff0e3d37ad31dc127fac85d23f9a26d0461ef8042ac4539b2045e781"
            ],
            "index": "grafana_api",
            "version": "==4.0.3"
        },
        "idna": {
            "hashes": [
                "sha256:c357b3f628cf53ae2c4c05627ecc484553142ca23264e593d327bcde5e9c3407",
                "sha256:ea8b7f6188e6fa117537c3df7da9fc686d485087abf6ac197f9c46432f7e4a3c"
            ],
            "version": "==2.8"
        },
        "nose": {
            "hashes": [
                "sha256:9ff7c6cc443f8c51994b34a667bbcf45afd6d945be7477b52e97516fd17c53ac",
                "sha256:dadcddc0aefbf99eea214e0f1232b94f2fa9bd98fa8353711dacb112bfcbbb2a",
                "sha256:f1bffef9cbc82628f6e7d7b40d7e255aefaa1adb6a1b1d26c69a8b79e6208a98"
            ],
            "index": "grafana_api",
            "version": "==1.3.7"
        },
        "python-coveralls": {
            "hashes": [
                "sha256:1748272081e0fc21e2c20c12e5bd18cb13272db1b130758df0d473da0cb31087",
                "sha256:736dda01f64beda240e1500d5f264b969495b05fcb325c7c0eb7ebbfd1210b70"
            ],
            "index": "grafana_api",
            "version": "==2.9.1"
        },
        "pyyaml": {
            "hashes": [
                "sha256:b21fadf0e343c3738cc956be9d24ee7a83d3260ff1a6805f860b4f5d4645b7b9"
            ],
            "index": "grafana_api",
            "version": "==5.1b1"
        },
        "requests": {
            "hashes": [
                "sha256:502a824f31acdacb3a35b6690b5fbf0bc41d63a24a45c4004352b0242707598e",
                "sha256:7bf2a778576d825600030a110f3c0e3e8edc51dfaafe1c146e39a2027784957b"
            ],
            "index": "grafana_api",
            "version": "==2.21.0"
        },
        "six": {
            "hashes": [
                "sha256:3350809f0555b11f552448330d0b52d5f24c91a322ea4a15ef22629740f3761c",
                "sha256:d16a0141ec1a18405cd4ce8b4613101da75da0e9a7aec5bdd4fa804d0e0eba73"
            ],
            "version": "==1.12.0"
        },
        "urllib3": {
            "hashes": [
                "sha256:61bf29cada3fc2fbefad4fdf059ea4bd1b4a86d2b6d15e1c7c0b582b9752fe39",
                "sha256:de9529817c93f27c8ccbfead6985011db27bd0ddfcdb2d86f3f663385c6a9c22"
            ],
            "version": "==1.24.1"
        }
    }
}
